// !$*UTF8*$!
{
	archiveVersion = 1;
	classes = {
	};
	objectVersion = 56;
	objects = {

/* Begin PBXBuildFile section */
		7BDD0E792C6E72DE002C068E /* AppDelegate.swift in Sources */ = {isa = PBXBuildFile; fileRef = 7BDD0E782C6E72DE002C068E /* AppDelegate.swift */; };
		7BDD0E7B2C6E72DE002C068E /* SceneDelegate.swift in Sources */ = {isa = PBXBuildFile; fileRef = 7BDD0E7A2C6E72DE002C068E /* SceneDelegate.swift */; };
		7BDD0E7D2C6E72DE002C068E /* ViewController.swift in Sources */ = {isa = PBXBuildFile; fileRef = 7BDD0E7C2C6E72DE002C068E /* ViewController.swift */; };
		7BDD0E802C6E72DE002C068E /* Base in Resources */ = {isa = PBXBuildFile; fileRef = 7BDD0E7F2C6E72DE002C068E /* Base */; };
		7BDD0E822C6E72E1002C068E /* Assets.xcassets in Resources */ = {isa = PBXBuildFile; fileRef = 7BDD0E812C6E72E1002C068E /* Assets.xcassets */; };
		7BDD0E852C6E72E1002C068E /* Base in Resources */ = {isa = PBXBuildFile; fileRef = 7BDD0E842C6E72E1002C068E /* Base */; };
		7BDD0E902C6E72E1002C068E /* Remember_To_RememberTests.swift in Sources */ = {isa = PBXBuildFile; fileRef = 7BDD0E8F2C6E72E1002C068E /* Remember_To_RememberTests.swift */; };
		7BDD0E9A2C6E72E1002C068E /* Remember_To_RememberUITests.swift in Sources */ = {isa = PBXBuildFile; fileRef = 7BDD0E992C6E72E1002C068E /* Remember_To_RememberUITests.swift */; };
		7BDD0E9C2C6E72E1002C068E /* Remember_To_RememberUITestsLaunchTests.swift in Sources */ = {isa = PBXBuildFile; fileRef = 7BDD0E9B2C6E72E1002C068E /* Remember_To_RememberUITestsLaunchTests.swift */; };
/* End PBXBuildFile section */

/* Begin PBXContainerItemProxy section */
		7BDD0E8C2C6E72E1002C068E /* PBXContainerItemProxy */ = {
			isa = PBXContainerItemProxy;
			containerPortal = 7BDD0E6D2C6E72DE002C068E /* Project object */;
			proxyType = 1;
			remoteGlobalIDString = 7BDD0E742C6E72DE002C068E;
			remoteInfo = "Remember To Remember";
		};
		7BDD0E962C6E72E1002C068E /* PBXContainerItemProxy */ = {
			isa = PBXContainerItemProxy;
			containerPortal = 7BDD0E6D2C6E72DE002C068E /* Project object */;
			proxyType = 1;
			remoteGlobalIDString = 7BDD0E742C6E72DE002C068E;
			remoteInfo = "Remember To Remember";
		};
/* End PBXContainerItemProxy section */

/* Begin PBXFileReference section */
		7BDD0E752C6E72DE002C068E /* Remember To Remember.app */ = {isa = PBXFileReference; explicitFileType = wrapper.application; includeInIndex = 0; path = "Remember To Remember.app"; sourceTree = BUILT_PRODUCTS_DIR; };
		7BDD0E782C6E72DE002C068E /* AppDelegate.swift */ = {isa = PBXFileReference; lastKnownFileType = sourcecode.swift; path = AppDelegate.swift; sourceTree = "<group>"; };
		7BDD0E7A2C6E72DE002C068E /* SceneDelegate.swift */ = {isa = PBXFileReference; lastKnownFileType = sourcecode.swift; path = SceneDelegate.swift; sourceTree = "<group>"; };
		7BDD0E7C2C6E72DE002C068E /* ViewController.swift */ = {isa = PBXFileReference; lastKnownFileType = sourcecode.swift; path = ViewController.swift; sourceTree = "<group>"; };
		7BDD0E7F2C6E72DE002C068E /* Base */ = {isa = PBXFileReference; lastKnownFileType = file.storyboard; name = Base; path = Base.lproj/Main.storyboard; sourceTree = "<group>"; };
		7BDD0E812C6E72E1002C068E /* Assets.xcassets */ = {isa = PBXFileReference; lastKnownFileType = folder.assetcatalog; path = Assets.xcassets; sourceTree = "<group>"; };
		7BDD0E842C6E72E1002C068E /* Base */ = {isa = PBXFileReference; lastKnownFileType = file.storyboard; name = Base; path = Base.lproj/LaunchScreen.storyboard; sourceTree = "<group>"; };
		7BDD0E862C6E72E1002C068E /* Info.plist */ = {isa = PBXFileReference; lastKnownFileType = text.plist.xml; path = Info.plist; sourceTree = "<group>"; };
		7BDD0E8B2C6E72E1002C068E /* Remember To RememberTests.xctest */ = {isa = PBXFileReference; explicitFileType = wrapper.cfbundle; includeInIndex = 0; path = "Remember To RememberTests.xctest"; sourceTree = BUILT_PRODUCTS_DIR; };
		7BDD0E8F2C6E72E1002C068E /* Remember_To_RememberTests.swift */ = {isa = PBXFileReference; lastKnownFileType = sourcecode.swift; path = Remember_To_RememberTests.swift; sourceTree = "<group>"; };
		7BDD0E952C6E72E1002C068E /* Remember To RememberUITests.xctest */ = {isa = PBXFileReference; explicitFileType = wrapper.cfbundle; includeInIndex = 0; path = "Remember To RememberUITests.xctest"; sourceTree = BUILT_PRODUCTS_DIR; };
		7BDD0E992C6E72E1002C068E /* Remember_To_RememberUITests.swift */ = {isa = PBXFileReference; lastKnownFileType = sourcecode.swift; path = Remember_To_RememberUITests.swift; sourceTree = "<group>"; };
		7BDD0E9B2C6E72E1002C068E /* Remember_To_RememberUITestsLaunchTests.swift */ = {isa = PBXFileReference; lastKnownFileType = sourcecode.swift; path = Remember_To_RememberUITestsLaunchTests.swift; sourceTree = "<group>"; };
/* End PBXFileReference section */

/* Begin PBXFrameworksBuildPhase section */
		7BDD0E722C6E72DE002C068E /* Frameworks */ = {
			isa = PBXFrameworksBuildPhase;
			buildActionMask = 2147483647;
			files = (
			);
			runOnlyForDeploymentPostprocessing = 0;
		};
		7BDD0E882C6E72E1002C068E /* Frameworks */ = {
			isa = PBXFrameworksBuildPhase;
			buildActionMask = 2147483647;
			files = (
			);
			runOnlyForDeploymentPostprocessing = 0;
		};
		7BDD0E922C6E72E1002C068E /* Frameworks */ = {
			isa = PBXFrameworksBuildPhase;
			buildActionMask = 2147483647;
			files = (
			);
			runOnlyForDeploymentPostprocessing = 0;
		};
/* End PBXFrameworksBuildPhase section */

/* Begin PBXGroup section */
		7BDD0E6C2C6E72DE002C068E = {
			isa = PBXGroup;
			children = (
				7BDD0E772C6E72DE002C068E /* Remember To Remember */,
				7BDD0E8E2C6E72E1002C068E /* Remember To RememberTests */,
				7BDD0E982C6E72E1002C068E /* Remember To RememberUITests */,
				7BDD0E762C6E72DE002C068E /* Products */,
			);
			sourceTree = "<group>";
		};
		7BDD0E762C6E72DE002C068E /* Products */ = {
			isa = PBXGroup;
			children = (
				7BDD0E752C6E72DE002C068E /* Remember To Remember.app */,
				7BDD0E8B2C6E72E1002C068E /* Remember To RememberTests.xctest */,
				7BDD0E952C6E72E1002C068E /* Remember To RememberUITests.xctest */,
			);
			name = Products;
			sourceTree = "<group>";
		};
		7BDD0E772C6E72DE002C068E /* Remember To Remember */ = {
			isa = PBXGroup;
			children = (
				7BDD0E782C6E72DE002C068E /* AppDelegate.swift */,
				7BDD0E7A2C6E72DE002C068E /* SceneDelegate.swift */,
				7BDD0E7C2C6E72DE002C068E /* ViewController.swift */,
				7BDD0E7E2C6E72DE002C068E /* Main.storyboard */,
				7BDD0E812C6E72E1002C068E /* Assets.xcassets */,
				7BDD0E832C6E72E1002C068E /* LaunchScreen.storyboard */,
				7BDD0E862C6E72E1002C068E /* Info.plist */,
			);
			path = "Remember To Remember";
			sourceTree = "<group>";
		};
		7BDD0E8E2C6E72E1002C068E /* Remember To RememberTests */ = {
			isa = PBXGroup;
			children = (
				7BDD0E8F2C6E72E1002C068E /* Remember_To_RememberTests.swift */,
			);
			path = "Remember To RememberTests";
			sourceTree = "<group>";
		};
		7BDD0E982C6E72E1002C068E /* Remember To RememberUITests */ = {
			isa = PBXGroup;
			children = (
				7BDD0E992C6E72E1002C068E /* Remember_To_RememberUITests.swift */,
				7BDD0E9B2C6E72E1002C068E /* Remember_To_RememberUITestsLaunchTests.swift */,
			);
			path = "Remember To RememberUITests";
			sourceTree = "<group>";
		};
/* End PBXGroup section */

/* Begin PBXNativeTarget section */
		7BDD0E742C6E72DE002C068E /* Remember To Remember */ = {
			isa = PBXNativeTarget;
			buildConfigurationList = 7BDD0E9F2C6E72E1002C068E /* Build configuration list for PBXNativeTarget "Remember To Remember" */;
			buildPhases = (
				7BDD0E712C6E72DE002C068E /* Sources */,
				7BDD0E722C6E72DE002C068E /* Frameworks */,
				7BDD0E732C6E72DE002C068E /* Resources */,
			);
			buildRules = (
			);
			dependencies = (
			);
			name = "Remember To Remember";
			productName = "Remember To Remember";
			productReference = 7BDD0E752C6E72DE002C068E /* Remember To Remember.app */;
			productType = "com.apple.product-type.application";
		};
		7BDD0E8A2C6E72E1002C068E /* Remember To RememberTests */ = {
			isa = PBXNativeTarget;
			buildConfigurationList = 7BDD0EA22C6E72E1002C068E /* Build configuration list for PBXNativeTarget "Remember To RememberTests" */;
			buildPhases = (
				7BDD0E872C6E72E1002C068E /* Sources */,
				7BDD0E882C6E72E1002C068E /* Frameworks */,
				7BDD0E892C6E72E1002C068E /* Resources */,
			);
			buildRules = (
			);
			dependencies = (
				7BDD0E8D2C6E72E1002C068E /* PBXTargetDependency */,
			);
			name = "Remember To RememberTests";
			productName = "Remember To RememberTests";
			productReference = 7BDD0E8B2C6E72E1002C068E /* Remember To RememberTests.xctest */;
			productType = "com.apple.product-type.bundle.unit-test";
		};
		7BDD0E942C6E72E1002C068E /* Remember To RememberUITests */ = {
			isa = PBXNativeTarget;
			buildConfigurationList = 7BDD0EA52C6E72E1002C068E /* Build configuration list for PBXNativeTarget "Remember To RememberUITests" */;
			buildPhases = (
				7BDD0E912C6E72E1002C068E /* Sources */,
				7BDD0E922C6E72E1002C068E /* Frameworks */,
				7BDD0E932C6E72E1002C068E /* Resources */,
			);
			buildRules = (
			);
			dependencies = (
				7BDD0E972C6E72E1002C068E /* PBXTargetDependency */,
			);
			name = "Remember To RememberUITests";
			productName = "Remember To RememberUITests";
			productReference = 7BDD0E952C6E72E1002C068E /* Remember To RememberUITests.xctest */;
			productType = "com.apple.product-type.bundle.ui-testing";
		};
/* End PBXNativeTarget section */

/* Begin PBXProject section */
		7BDD0E6D2C6E72DE002C068E /* Project object */ = {
			isa = PBXProject;
			attributes = {
				BuildIndependentTargetsInParallel = 1;
				LastSwiftUpdateCheck = 1540;
				LastUpgradeCheck = 1540;
				TargetAttributes = {
					7BDD0E742C6E72DE002C068E = {
						CreatedOnToolsVersion = 15.4;
					};
					7BDD0E8A2C6E72E1002C068E = {
						CreatedOnToolsVersion = 15.4;
						TestTargetID = 7BDD0E742C6E72DE002C068E;
					};
					7BDD0E942C6E72E1002C068E = {
						CreatedOnToolsVersion = 15.4;
						TestTargetID = 7BDD0E742C6E72DE002C068E;
					};
				};
			};
			buildConfigurationList = 7BDD0E702C6E72DE002C068E /* Build configuration list for PBXProject "Remember To Remember" */;
			compatibilityVersion = "Xcode 14.0";
			developmentRegion = en;
			hasScannedForEncodings = 0;
			knownRegions = (
				en,
				Base,
			);
			mainGroup = 7BDD0E6C2C6E72DE002C068E;
			productRefGroup = 7BDD0E762C6E72DE002C068E /* Products */;
			projectDirPath = "";
			projectRoot = "";
			targets = (
				7BDD0E742C6E72DE002C068E /* Remember To Remember */,
				7BDD0E8A2C6E72E1002C068E /* Remember To RememberTests */,
				7BDD0E942C6E72E1002C068E /* Remember To RememberUITests */,
			);
		};
/* End PBXProject section */

/* Begin PBXResourcesBuildPhase section */
		7BDD0E732C6E72DE002C068E /* Resources */ = {
			isa = PBXResourcesBuildPhase;
			buildActionMask = 2147483647;
			files = (
				7BDD0E822C6E72E1002C068E /* Assets.xcassets in Resources */,
				7BDD0E852C6E72E1002C068E /* Base in Resources */,
				7BDD0E802C6E72DE002C068E /* Base in Resources */,
			);
			runOnlyForDeploymentPostprocessing = 0;
		};
		7BDD0E892C6E72E1002C068E /* Resources */ = {
			isa = PBXResourcesBuildPhase;
			buildActionMask = 2147483647;
			files = (
			);
			runOnlyForDeploymentPostprocessing = 0;
		};
		7BDD0E932C6E72E1002C068E /* Resources */ = {
			isa = PBXResourcesBuildPhase;
			buildActionMask = 2147483647;
			files = (
			);
			runOnlyForDeploymentPostprocessing = 0;
		};
/* End PBXResourcesBuildPhase section */

/* Begin PBXSourcesBuildPhase section */
		7BDD0E712C6E72DE002C068E /* Sources */ = {
			isa = PBXSourcesBuildPhase;
			buildActionMask = 2147483647;
			files = (
				7BDD0E7D2C6E72DE002C068E /* ViewController.swift in Sources */,
				7BDD0E792C6E72DE002C068E /* AppDelegate.swift in Sources */,
				7BDD0E7B2C6E72DE002C068E /* SceneDelegate.swift in Sources */,
			);
			runOnlyForDeploymentPostprocessing = 0;
		};
		7BDD0E872C6E72E1002C068E /* Sources */ = {
			isa = PBXSourcesBuildPhase;
			buildActionMask = 2147483647;
			files = (
				7BDD0E902C6E72E1002C068E /* Remember_To_RememberTests.swift in Sources */,
			);
			runOnlyForDeploymentPostprocessing = 0;
		};
		7BDD0E912C6E72E1002C068E /* Sources */ = {
			isa = PBXSourcesBuildPhase;
			buildActionMask = 2147483647;
			files = (
				7BDD0E9A2C6E72E1002C068E /* Remember_To_RememberUITests.swift in Sources */,
				7BDD0E9C2C6E72E1002C068E /* Remember_To_RememberUITestsLaunchTests.swift in Sources */,
			);
			runOnlyForDeploymentPostprocessing = 0;
		};
/* End PBXSourcesBuildPhase section */

/* Begin PBXTargetDependency section */
		7BDD0E8D2C6E72E1002C068E /* PBXTargetDependency */ = {
			isa = PBXTargetDependency;
			target = 7BDD0E742C6E72DE002C068E /* Remember To Remember */;
			targetProxy = 7BDD0E8C2C6E72E1002C068E /* PBXContainerItemProxy */;
		};
		7BDD0E972C6E72E1002C068E /* PBXTargetDependency */ = {
			isa = PBXTargetDependency;
			target = 7BDD0E742C6E72DE002C068E /* Remember To Remember */;
			targetProxy = 7BDD0E962C6E72E1002C068E /* PBXContainerItemProxy */;
		};
/* End PBXTargetDependency section */

/* Begin PBXVariantGroup section */
		7BDD0E7E2C6E72DE002C068E /* Main.storyboard */ = {
			isa = PBXVariantGroup;
			children = (
				7BDD0E7F2C6E72DE002C068E /* Base */,
			);
			name = Main.storyboard;
			sourceTree = "<group>";
		};
		7BDD0E832C6E72E1002C068E /* LaunchScreen.storyboard */ = {
			isa = PBXVariantGroup;
			children = (
				7BDD0E842C6E72E1002C068E /* Base */,
			);
			name = LaunchScreen.storyboard;
			sourceTree = "<group>";
		};
/* End PBXVariantGroup section */

/* Begin XCBuildConfiguration section */
		7BDD0E9D2C6E72E1002C068E /* Debug */ = {
			isa = XCBuildConfiguration;
			buildSettings = {
				ALWAYS_SEARCH_USER_PATHS = NO;
				ASSETCATALOG_COMPILER_GENERATE_SWIFT_ASSET_SYMBOL_EXTENSIONS = YES;
				CLANG_ANALYZER_NONNULL = YES;
				CLANG_ANALYZER_NUMBER_OBJECT_CONVERSION = YES_AGGRESSIVE;
				CLANG_CXX_LANGUAGE_STANDARD = "gnu++20";
				CLANG_ENABLE_MODULES = YES;
				CLANG_ENABLE_OBJC_ARC = YES;
				CLANG_ENABLE_OBJC_WEAK = YES;
				CLANG_WARN_BLOCK_CAPTURE_AUTORELEASING = YES;
				CLANG_WARN_BOOL_CONVERSION = YES;
				CLANG_WARN_COMMA = YES;
				CLANG_WARN_CONSTANT_CONVERSION = YES;
				CLANG_WARN_DEPRECATED_OBJC_IMPLEMENTATIONS = YES;
				CLANG_WARN_DIRECT_OBJC_ISA_USAGE = YES_ERROR;
				CLANG_WARN_DOCUMENTATION_COMMENTS = YES;
				CLANG_WARN_EMPTY_BODY = YES;
				CLANG_WARN_ENUM_CONVERSION = YES;
				CLANG_WARN_INFINITE_RECURSION = YES;
				CLANG_WARN_INT_CONVERSION = YES;
				CLANG_WARN_NON_LITERAL_NULL_CONVERSION = YES;
				CLANG_WARN_OBJC_IMPLICIT_RETAIN_SELF = YES;
				CLANG_WARN_OBJC_LITERAL_CONVERSION = YES;
				CLANG_WARN_OBJC_ROOT_CLASS = YES_ERROR;
				CLANG_WARN_QUOTED_INCLUDE_IN_FRAMEWORK_HEADER = YES;
				CLANG_WARN_RANGE_LOOP_ANALYSIS = YES;
				CLANG_WARN_STRICT_PROTOTYPES = YES;
				CLANG_WARN_SUSPICIOUS_MOVE = YES;
				CLANG_WARN_UNGUARDED_AVAILABILITY = YES_AGGRESSIVE;
				CLANG_WARN_UNREACHABLE_CODE = YES;
				CLANG_WARN__DUPLICATE_METHOD_MATCH = YES;
				COPY_PHASE_STRIP = NO;
				DEBUG_INFORMATION_FORMAT = dwarf;
				ENABLE_STRICT_OBJC_MSGSEND = YES;
				ENABLE_TESTABILITY = YES;
				ENABLE_USER_SCRIPT_SANDBOXING = YES;
				GCC_C_LANGUAGE_STANDARD = gnu17;
				GCC_DYNAMIC_NO_PIC = NO;
				GCC_NO_COMMON_BLOCKS = YES;
				GCC_OPTIMIZATION_LEVEL = 0;
				GCC_PREPROCESSOR_DEFINITIONS = (
					"DEBUG=1",
					"$(inherited)",
				);
				GCC_WARN_64_TO_32_BIT_CONVERSION = YES;
				GCC_WARN_ABOUT_RETURN_TYPE = YES_ERROR;
				GCC_WARN_UNDECLARED_SELECTOR = YES;
				GCC_WARN_UNINITIALIZED_AUTOS = YES_AGGRESSIVE;
				GCC_WARN_UNUSED_FUNCTION = YES;
				GCC_WARN_UNUSED_VARIABLE = YES;
				IPHONEOS_DEPLOYMENT_TARGET = 17.5;
				LOCALIZATION_PREFERS_STRING_CATALOGS = YES;
				MTL_ENABLE_DEBUG_INFO = INCLUDE_SOURCE;
				MTL_FAST_MATH = YES;
				ONLY_ACTIVE_ARCH = YES;
				SDKROOT = iphoneos;
				SWIFT_ACTIVE_COMPILATION_CONDITIONS = "DEBUG $(inherited)";
				SWIFT_OPTIMIZATION_LEVEL = "-Onone";
			};
			name = Debug;
		};
		7BDD0E9E2C6E72E1002C068E /* Release */ = {
			isa = XCBuildConfiguration;
			buildSettings = {
				ALWAYS_SEARCH_USER_PATHS = NO;
				ASSETCATALOG_COMPILER_GENERATE_SWIFT_ASSET_SYMBOL_EXTENSIONS = YES;
				CLANG_ANALYZER_NONNULL = YES;
				CLANG_ANALYZER_NUMBER_OBJECT_CONVERSION = YES_AGGRESSIVE;
				CLANG_CXX_LANGUAGE_STANDARD = "gnu++20";
				CLANG_ENABLE_MODULES = YES;
				CLANG_ENABLE_OBJC_ARC = YES;
				CLANG_ENABLE_OBJC_WEAK = YES;
				CLANG_WARN_BLOCK_CAPTURE_AUTORELEASING = YES;
				CLANG_WARN_BOOL_CONVERSION = YES;
				CLANG_WARN_COMMA = YES;
				CLANG_WARN_CONSTANT_CONVERSION = YES;
				CLANG_WARN_DEPRECATED_OBJC_IMPLEMENTATIONS = YES;
				CLANG_WARN_DIRECT_OBJC_ISA_USAGE = YES_ERROR;
				CLANG_WARN_DOCUMENTATION_COMMENTS = YES;
				CLANG_WARN_EMPTY_BODY = YES;
				CLANG_WARN_ENUM_CONVERSION = YES;
				CLANG_WARN_INFINITE_RECURSION = YES;
				CLANG_WARN_INT_CONVERSION = YES;
				CLANG_WARN_NON_LITERAL_NULL_CONVERSION = YES;
				CLANG_WARN_OBJC_IMPLICIT_RETAIN_SELF = YES;
				CLANG_WARN_OBJC_LITERAL_CONVERSION = YES;
				CLANG_WARN_OBJC_ROOT_CLASS = YES_ERROR;
				CLANG_WARN_QUOTED_INCLUDE_IN_FRAMEWORK_HEADER = YES;
				CLANG_WARN_RANGE_LOOP_ANALYSIS = YES;
				CLANG_WARN_STRICT_PROTOTYPES = YES;
				CLANG_WARN_SUSPICIOUS_MOVE = YES;
				CLANG_WARN_UNGUARDED_AVAILABILITY = YES_AGGRESSIVE;
				CLANG_WARN_UNREACHABLE_CODE = YES;
				CLANG_WARN__DUPLICATE_METHOD_MATCH = YES;
				COPY_PHASE_STRIP = NO;
				DEBUG_INFORMATION_FORMAT = "dwarf-with-dsym";
				ENABLE_NS_ASSERTIONS = NO;
				ENABLE_STRICT_OBJC_MSGSEND = YES;
				ENABLE_USER_SCRIPT_SANDBOXING = YES;
				GCC_C_LANGUAGE_STANDARD = gnu17;
				GCC_NO_COMMON_BLOCKS = YES;
				GCC_WARN_64_TO_32_BIT_CONVERSION = YES;
				GCC_WARN_ABOUT_RETURN_TYPE = YES_ERROR;
				GCC_WARN_UNDECLARED_SELECTOR = YES;
				GCC_WARN_UNINITIALIZED_AUTOS = YES_AGGRESSIVE;
				GCC_WARN_UNUSED_FUNCTION = YES;
				GCC_WARN_UNUSED_VARIABLE = YES;
				IPHONEOS_DEPLOYMENT_TARGET = 17.5;
				LOCALIZATION_PREFERS_STRING_CATALOGS = YES;
				MTL_ENABLE_DEBUG_INFO = NO;
				MTL_FAST_MATH = YES;
				SDKROOT = iphoneos;
				SWIFT_COMPILATION_MODE = wholemodule;
				VALIDATE_PRODUCT = YES;
			};
			name = Release;
		};
		7BDD0EA02C6E72E1002C068E /* Debug */ = {
			isa = XCBuildConfiguration;
			buildSettings = {
				ASSETCATALOG_COMPILER_APPICON_NAME = AppIcon;
				ASSETCATALOG_COMPILER_GLOBAL_ACCENT_COLOR_NAME = AccentColor;
				CODE_SIGN_STYLE = Automatic;
				CURRENT_PROJECT_VERSION = 1;
				DEVELOPMENT_TEAM = GDM32PR97X;
				GENERATE_INFOPLIST_FILE = YES;
				INFOPLIST_FILE = "Remember To Remember/Info.plist";
				INFOPLIST_KEY_UIApplicationSupportsIndirectInputEvents = YES;
				INFOPLIST_KEY_UILaunchStoryboardName = LaunchScreen;
				INFOPLIST_KEY_UIMainStoryboardFile = Main;
				INFOPLIST_KEY_UISupportedInterfaceOrientations_iPad = "UIInterfaceOrientationPortrait UIInterfaceOrientationPortraitUpsideDown UIInterfaceOrientationLandscapeLeft UIInterfaceOrientationLandscapeRight";
				INFOPLIST_KEY_UISupportedInterfaceOrientations_iPhone = "UIInterfaceOrientationPortrait UIInterfaceOrientationLandscapeLeft UIInterfaceOrientationLandscapeRight";
				LD_RUNPATH_SEARCH_PATHS = (
					"$(inherited)",
					"@executable_path/Frameworks",
				);
				MARKETING_VERSION = 1.0;
				PRODUCT_BUNDLE_IDENTIFIER = "com.danirock.Remember-To-Remember";
				PRODUCT_NAME = "$(TARGET_NAME)";
				SWIFT_EMIT_LOC_STRINGS = YES;
				SWIFT_VERSION = 5.0;
				TARGETED_DEVICE_FAMILY = "1,2";
			};
			name = Debug;
		};
		7BDD0EA12C6E72E1002C068E /* Release */ = {
			isa = XCBuildConfiguration;
			buildSettings = {
				ASSETCATALOG_COMPILER_APPICON_NAME = AppIcon;
				ASSETCATALOG_COMPILER_GLOBAL_ACCENT_COLOR_NAME = AccentColor;
				CODE_SIGN_STYLE = Automatic;
				CURRENT_PROJECT_VERSION = 1;
				DEVELOPMENT_TEAM = GDM32PR97X;
				GENERATE_INFOPLIST_FILE = YES;
				INFOPLIST_FILE = "Remember To Remember/Info.plist";
				INFOPLIST_KEY_UIApplicationSupportsIndirectInputEvents = YES;
				INFOPLIST_KEY_UILaunchStoryboardName = LaunchScreen;
				INFOPLIST_KEY_UIMainStoryboardFile = Main;
				INFOPLIST_KEY_UISupportedInterfaceOrientations_iPad = "UIInterfaceOrientationPortrait UIInterfaceOrientationPortraitUpsideDown UIInterfaceOrientationLandscapeLeft UIInterfaceOrientationLandscapeRight";
				INFOPLIST_KEY_UISupportedInterfaceOrientations_iPhone = "UIInterfaceOrientationPortrait UIInterfaceOrientationLandscapeLeft UIInterfaceOrientationLandscapeRight";
				LD_RUNPATH_SEARCH_PATHS = (
					"$(inherited)",
					"@executable_path/Frameworks",
				);
				MARKETING_VERSION = 1.0;
				PRODUCT_BUNDLE_IDENTIFIER = "com.danirock.Remember-To-Remember";
				PRODUCT_NAME = "$(TARGET_NAME)";
				SWIFT_EMIT_LOC_STRINGS = YES;
				SWIFT_VERSION = 5.0;
				TARGETED_DEVICE_FAMILY = "1,2";
			};
			name = Release;
		};
		7BDD0EA32C6E72E1002C068E /* Debug */ = {
			isa = XCBuildConfiguration;
			buildSettings = {
				ALWAYS_EMBED_SWIFT_STANDARD_LIBRARIES = YES;
				BUNDLE_LOADER = "$(TEST_HOST)";
				CODE_SIGN_STYLE = Automatic;
				CURRENT_PROJECT_VERSION = 1;
				DEVELOPMENT_TEAM = GDM32PR97X;
				GENERATE_INFOPLIST_FILE = YES;
				IPHONEOS_DEPLOYMENT_TARGET = 17.5;
				MARKETING_VERSION = 1.0;
				PRODUCT_BUNDLE_IDENTIFIER = "com.danirock.Remember-To-RememberTests";
				PRODUCT_NAME = "$(TARGET_NAME)";
				SWIFT_EMIT_LOC_STRINGS = NO;
				SWIFT_VERSION = 5.0;
				TARGETED_DEVICE_FAMILY = "1,2";
				TEST_HOST = "$(BUILT_PRODUCTS_DIR)/Remember To Remember.app/$(BUNDLE_EXECUTABLE_FOLDER_PATH)/Remember To Remember";
			};
			name = Debug;
		};
		7BDD0EA42C6E72E1002C068E /* Release */ = {
			isa = XCBuildConfiguration;
			buildSettings = {
				ALWAYS_EMBED_SWIFT_STANDARD_LIBRARIES = YES;
				BUNDLE_LOADER = "$(TEST_HOST)";
				CODE_SIGN_STYLE = Automatic;
				CURRENT_PROJECT_VERSION = 1;
				DEVELOPMENT_TEAM = GDM32PR97X;
				GENERATE_INFOPLIST_FILE = YES;
				IPHONEOS_DEPLOYMENT_TARGET = 17.5;
				MARKETING_VERSION = 1.0;
				PRODUCT_BUNDLE_IDENTIFIER = "com.danirock.Remember-To-RememberTests";
				PRODUCT_NAME = "$(TARGET_NAME)";
				SWIFT_EMIT_LOC_STRINGS = NO;
				SWIFT_VERSION = 5.0;
				TARGETED_DEVICE_FAMILY = "1,2";
				TEST_HOST = "$(BUILT_PRODUCTS_DIR)/Remember To Remember.app/$(BUNDLE_EXECUTABLE_FOLDER_PATH)/Remember To Remember";
			};
			name = Release;
		};
		7BDD0EA62C6E72E1002C068E /* Debug */ = {
			isa = XCBuildConfiguration;
			buildSettings = {
				ALWAYS_EMBED_SWIFT_STANDARD_LIBRARIES = YES;
				CODE_SIGN_STYLE = Automatic;
				CURRENT_PROJECT_VERSION = 1;
				DEVELOPMENT_TEAM = GDM32PR97X;
				GENERATE_INFOPLIST_FILE = YES;
				MARKETING_VERSION = 1.0;
				PRODUCT_BUNDLE_IDENTIFIER = "com.danirock.Remember-To-RememberUITests";
				PRODUCT_NAME = "$(TARGET_NAME)";
				SWIFT_EMIT_LOC_STRINGS = NO;
				SWIFT_VERSION = 5.0;
				TARGETED_DEVICE_FAMILY = "1,2";
				TEST_TARGET_NAME = "Remember To Remember";
			};
			name = Debug;
		};
		7BDD0EA72C6E72E1002C068E /* Release */ = {
			isa = XCBuildConfiguration;
			buildSettings = {
				ALWAYS_EMBED_SWIFT_STANDARD_LIBRARIES = YES;
				CODE_SIGN_STYLE = Automatic;
				CURRENT_PROJECT_VERSION = 1;
				DEVELOPMENT_TEAM = GDM32PR97X;
				GENERATE_INFOPLIST_FILE = YES;
				MARKETING_VERSION = 1.0;
				PRODUCT_BUNDLE_IDENTIFIER = "com.danirock.Remember-To-RememberUITests";
				PRODUCT_NAME = "$(TARGET_NAME)";
				SWIFT_EMIT_LOC_STRINGS = NO;
				SWIFT_VERSION = 5.0;
				TARGETED_DEVICE_FAMILY = "1,2";
				TEST_TARGET_NAME = "Remember To Remember";
			};
			name = Release;
		};
/* End XCBuildConfiguration section */

/* Begin XCConfigurationList section */
		7BDD0E702C6E72DE002C068E /* Build configuration list for PBXProject "Remember To Remember" */ = {
			isa = XCConfigurationList;
			buildConfigurations = (
				7BDD0E9D2C6E72E1002C068E /* Debug */,
				7BDD0E9E2C6E72E1002C068E /* Release */,
			);
			defaultConfigurationIsVisible = 0;
			defaultConfigurationName = Release;
		};
		7BDD0E9F2C6E72E1002C068E /* Build configuration list for PBXNativeTarget "Remember To Remember" */ = {
			isa = XCConfigurationList;
			buildConfigurations = (
				7BDD0EA02C6E72E1002C068E /* Debug */,
				7BDD0EA12C6E72E1002C068E /* Release */,
			);
			defaultConfigurationIsVisible = 0;
			defaultConfigurationName = Release;
		};
		7BDD0EA22C6E72E1002C068E /* Build configuration list for PBXNativeTarget "Remember To RememberTests" */ = {
			isa = XCConfigurationList;
			buildConfigurations = (
				7BDD0EA32C6E72E1002C068E /* Debug */,
				7BDD0EA42C6E72E1002C068E /* Release */,
			);
			defaultConfigurationIsVisible = 0;
			defaultConfigurationName = Release;
		};
		7BDD0EA52C6E72E1002C068E /* Build configuration list for PBXNativeTarget "Remember To RememberUITests" */ = {
			isa = XCConfigurationList;
			buildConfigurations = (
				7BDD0EA62C6E72E1002C068E /* Debug */,
				7BDD0EA72C6E72E1002C068E /* Release */,
			);
			defaultConfigurationIsVisible = 0;
			defaultConfigurationName = Release;
		};
/* End XCConfigurationList section */
	};
	rootObject = 7BDD0E6D2C6E72DE002C068E /* Project object */;
}
